
Microsoft Visual Studio Solution File, Format Version 12.00
# Visual Studio 15
VisualStudioVersion = 15.0.26124.0
MinimumVisualStudioVersion = 15.0.26124.0
Project("{2150E333-8FDC-42A3-9474-1A3956D46DE8}") = "src", "src", "{3F9F84A6-5F13-48F5-87B9-D6DFFAC0E274}"
EndProject
Project("{FAE04EC0-301F-11D3-BF4B-00C04F79EFBC}") = "GradeBook", "src\GradeBook\GradeBook.csproj", "{C76E40E1-6FBD-46B5-AEE5-261F0DB61A36}"
EndProject
Project("{2150E333-8FDC-42A3-9474-1A3956D46DE8}") = "test", "test", "{2808BD96-3C3D-4C9D-B55B-51B3ADA65467}"
EndProject
Project("{FAE04EC0-301F-11D3-BF4B-00C04F79EFBC}") = "GradeBook.Tests", "test\GradeBook.Tests\GradeBook.Tests.csproj", "{48B6772A-13F6-4F14-998B-3BE705CBDF9C}"
EndProject
Global
	GlobalSection(SolutionConfigurationPlatforms) = preSolution
		Debug|Any CPU = Debug|Any CPU
		Debug|x64 = Debug|x64
		Debug|x86 = Debug|x86
		Release|Any CPU = Release|Any CPU
		Release|x64 = Release|x64
		Release|x86 = Release|x86
	EndGlobalSection
	GlobalSection(SolutionProperties) = preSolution
		HideSolutionNode = FALSE
	EndGlobalSection
	GlobalSection(ProjectConfigurationPlatforms) = postSolution
		{C76E40E1-6FBD-46B5-AEE5-261F0DB61A36}.Debug|Any CPU.ActiveCfg = Debug|Any CPU
		{C76E40E1-6FBD-46B5-AEE5-261F0DB61A36}.Debug|Any CPU.Build.0 = Debug|Any CPU
		{C76E40E1-6FBD-46B5-AEE5-261F0DB61A36}.Debug|x64.ActiveCfg = Debug|Any CPU
		{C76E40E1-6FBD-46B5-AEE5-261F0DB61A36}.Debug|x64.Build.0 = Debug|Any CPU
		{C76E40E1-6FBD-46B5-AEE5-261F0DB61A36}.Debug|x86.ActiveCfg = Debug|Any CPU
		{C76E40E1-6FBD-46B5-AEE5-261F0DB61A36}.Debug|x86.Build.0 = Debug|Any CPU
		{C76E40E1-6FBD-46B5-AEE5-261F0DB61A36}.Release|Any CPU.ActiveCfg = Release|Any CPU
		{C76E40E1-6FBD-46B5-AEE5-261F0DB61A36}.Release|Any CPU.Build.0 = Release|Any CPU
		{C76E40E1-6FBD-46B5-AEE5-261F0DB61A36}.Release|x64.ActiveCfg = Release|Any CPU
		{C76E40E1-6FBD-46B5-AEE5-261F0DB61A36}.Release|x64.Build.0 = Release|Any CPU
		{C76E40E1-6FBD-46B5-AEE5-261F0DB61A36}.Release|x86.ActiveCfg = Release|Any CPU
		{C76E40E1-6FBD-46B5-AEE5-261F0DB61A36}.Release|x86.Build.0 = Release|Any CPU
		{48B6772A-13F6-4F14-998B-3BE705CBDF9C}.Debug|Any CPU.ActiveCfg = Debug|Any CPU
		{48B6772A-13F6-4F14-998B-3BE705CBDF9C}.Debug|Any CPU.Build.0 = Debug|Any CPU
		{48B6772A-13F6-4F14-998B-3BE705CBDF9C}.Debug|x64.ActiveCfg = Debug|Any CPU
		{48B6772A-13F6-4F14-998B-3BE705CBDF9C}.Debug|x64.Build.0 = Debug|Any CPU
		{48B6772A-13F6-4F14-998B-3BE705CBDF9C}.Debug|x86.ActiveCfg = Debug|Any CPU
		{48B6772A-13F6-4F14-998B-3BE705CBDF9C}.Debug|x86.Build.0 = Debug|Any CPU
		{48B6772A-13F6-4F14-998B-3BE705CBDF9C}.Release|Any CPU.ActiveCfg = Release|Any CPU
		{48B6772A-13F6-4F14-998B-3BE705CBDF9C}.Release|Any CPU.Build.0 = Release|Any CPU
		{48B6772A-13F6-4F14-998B-3BE705CBDF9C}.Release|x64.ActiveCfg = Release|Any CPU
		{48B6772A-13F6-4F14-998B-3BE705CBDF9C}.Release|x64.Build.0 = Release|Any CPU
		{48B6772A-13F6-4F14-998B-3BE705CBDF9C}.Release|x86.ActiveCfg = Release|Any CPU
		{48B6772A-13F6-4F14-998B-3BE705CBDF9C}.Release|x86.Build.0 = Release|Any CPU
	EndGlobalSection
	GlobalSection(NestedProjects) = preSolution
		{C76E40E1-6FBD-46B5-AEE5-261F0DB61A36} = {3F9F84A6-5F13-48F5-87B9-D6DFFAC0E274}
		{48B6772A-13F6-4F14-998B-3BE705CBDF9C} = {2808BD96-3C3D-4C9D-B55B-51B3ADA65467}
	EndGlobalSection
EndGlobal
